
Microsoft Visual Studio Solution File, Format Version 12.00
# Visual Studio Version 17
VisualStudioVersion = 17.5.33516.290
MinimumVisualStudioVersion = 10.0.40219.1
Project("{FAE04EC0-301F-11D3-BF4B-00C04F79EFBC}") = "MVC_WebApp", "MVC_WebApp.csproj", "{84F07900-3562-484D-AF0B-2FA951CA7AFD}"
EndProject
Global
	GlobalSection(SolutionConfigurationPlatforms) = preSolution
		Debug|Any CPU = Debug|Any CPU
		Release|Any CPU = Release|Any CPU
	EndGlobalSection
	GlobalSection(ProjectConfigurationPlatforms) = postSolution
		{84F07900-3562-484D-AF0B-2FA951CA7AFD}.Debug|Any CPU.ActiveCfg = Debug|Any CPU
		{84F07900-3562-484D-AF0B-2FA951CA7AFD}.Debug|Any CPU.Build.0 = Debug|Any CPU
		{84F07900-3562-484D-AF0B-2FA951CA7AFD}.Release|Any CPU.ActiveCfg = Release|Any CPU
		{84F07900-3562-484D-AF0B-2FA951CA7AFD}.Release|Any CPU.Build.0 = Release|Any CPU
	EndGlobalSection
	GlobalSection(SolutionProperties) = preSolution
		HideSolutionNode = FALSE
	EndGlobalSection
	GlobalSection(ExtensibilityGlobals) = postSolution
		SolutionGuid = {459A34CD-AC36-43F0-B1B9-6436E934FC37}
	EndGlobalSection
EndGlobal
